<?xml version="1.0" encoding="UTF-8" standalone="yes" ?>
<CodeBlocks_project_file>
	<FileVersion major="1" minor="6" />
	<Project>
		<Option title="Astronom" />
		<Option pch_mode="2" />
		<Option compiler="gcc" />
		<Build>
			<Target title="Debug">
				<Option output="bin/Debug/Astronom" prefix_auto="1" extension_auto="1" />
				<Option object_output="obj/Debug/" />
				<Option type="1" />
				<Option compiler="gcc" />
				<Option parameters="-tracelevel 99" />
				<Compiler>
					<Add option="-Wextra" />
					<Add option="-Wall" />
					<Add option="-pg" />
					<Add option="-g" />
					<Add option="`fox-config --cflags`" />
				</Compiler>
				<Linker>
					<Add option="-pg" />
				</Linker>
			</Target>
			<Target title="Release">
				<Option output="bin/Release/Astronom" prefix_auto="1" extension_auto="1" />
				<Option object_output="obj/Release/" />
				<Option type="0" />
				<Option compiler="gcc" />
				<Compiler>
					<Add option="-fomit-frame-pointer" />
					<Add option="-fexpensive-optimizations" />
					<Add option="-O2" />
				</Compiler>
				<Linker>
					<Add option="-s" />
				</Linker>
			</Target>
		</Build>
		<Compiler>
			<Add option="-Wshadow" />
			<Add option="-Winit-self" />
			<Add option="-Wcast-align" />
			<Add option="-Wfloat-equal" />
			<Add option="-Winline" />
			<Add option="-Wmissing-declarations" />
			<Add option="-Wextra" />
			<Add option="-Wall" />
			<Add option="`fox-config --cflags`" />
			<Add directory="../3d_party/sqlite-3.6.22/include" />
			<Add directory="../3d_party/sweph/src" />
			<Add directory="../3d_party/boost_1_42_0" />
		</Compiler>
		<Linker>
			<Add option="`fox-config --libs`" />
			<Add library="sqlite3" />
			<Add library="swe" />
			<Add directory="../3d_party/sqlite-3.6.22/lib" />
			<Add directory="../3d_party/sweph/src" />
		</Linker>
		<Unit filename="Astronom.cpp" />
		<Unit filename="Astronom.h" />
		<Unit filename="Chart.cpp" />
		<Unit filename="Chart.h" />
		<Unit filename="CircleSpread/CircleSpread.cpp" />
		<Unit filename="CircleSpread/CircleSpread.h" />
		<Unit filename="Ephemeris.cpp" />
		<Unit filename="Ephemeris.h" />
		<Unit filename="Localizer.cpp" />
		<Unit filename="Localizer.h" />
		<Unit filename="TimeLoc.cpp" />
		<Unit filename="TimeLoc.h" />
		<Unit filename="db/AtlasDbCmd.cpp" />
		<Unit filename="db/AtlasDbCmd.h" />
		<Unit filename="db/DbCommand.cpp" />
		<Unit filename="db/DbCommand.h" />
		<Unit filename="forms/Chrono.cpp" />
		<Unit filename="forms/Chrono.h" />
		<Unit filename="forms/GlyphManager.cpp" />
		<Unit filename="forms/GlyphManager.h" />
		<Unit filename="forms/InputForm.cpp" />
		<Unit filename="forms/InputForm.h" />
		<Unit filename="forms/MainForm.cpp" />
		<Unit filename="forms/MainForm.h" />
		<Unit filename="forms/PersonsForm.cpp" />
		<Unit filename="forms/PersonsForm.h" />
		<Unit filename="labels/AstroLabel.cpp" />
		<Unit filename="labels/AstroLabel.h" />
		<Unit filename="labels/AstroLabelContainer.cpp" />
		<Unit filename="labels/AstroLabelContainer.h" />
		<Unit filename="labels/HouseLabel.cpp" />
		<Unit filename="labels/HouseLabel.h" />
		<Unit filename="labels/PlanetLabel.cpp" />
		<Unit filename="labels/PlanetLabel.h" />
		<Unit filename="labels/ZodiacLabel.cpp" />
		<Unit filename="labels/ZodiacLabel.h" />
		<Unit filename="main.cpp" />
		<Unit filename="models/BaseModel.cpp" />
		<Unit filename="models/BaseModel.h" />
		<Unit filename="models/OcularModel.cpp" />
		<Unit filename="models/OcularModel.h" />
		<Unit filename="utils/BodyProps.h" />
		<Unit filename="utils/HouseProps.h" />
		<Unit filename="utils/OcularDefs.h" />
		<Unit filename="utils/constants.cpp" />
		<Unit filename="utils/constants.h" />
		<Unit filename="version.h" />
		<Unit filename="views/DraggableView.cpp" />
		<Unit filename="views/DraggableView.h" />
		<Unit filename="views/OcularView.cpp" />
		<Unit filename="views/OcularView.h" />
		<Unit filename="views/RectangleView.cpp" />
		<Unit filename="views/RectangleView.h" />
		<Unit filename="views/TriangleView.cpp" />
		<Unit filename="views/TriangleView.h" />
		<Unit filename="views/WheelView.cpp" />
		<Unit filename="views/WheelView.h" />
		<Unit filename="widgets/MaskedTextField.cpp" />
		<Unit filename="widgets/MaskedTextField.h" />
		<Extensions>
			<envvars />
			<code_completion>
				<search_path add="../3d_party/sqlite-3.6.22" />
			</code_completion>
			<debugger />
			<lib_finder disable_auto="1">
				<lib name="FOX-1.6" />
			</lib_finder>
			<AutoVersioning>
				<Scheme minor_max="10" build_max="0" rev_max="0" rev_rand_max="10" build_times_to_increment_minor="100" />
				<Settings autoincrement="1" date_declarations="1" do_auto_increment="0" ask_to_increment="0" language="C++" svn="0" svn_directory="" header_path="version.h" />
				<Changes_Log show_changes_editor="0" app_title="released version %M.%m.%b of %p" changeslog_path="ChangesLog.txt" />
				<Code header_guard="VERSION_H" namespace="AutoVersion" prefix="" />
			</AutoVersioning>
		</Extensions>
	</Project>
</CodeBlocks_project_file>
