<?xml version="1.0" encoding="UTF-8" standalone="yes" ?>
<CodeBlocks_project_file>
	<FileVersion major="1" minor="6" />
	<Project>
		<Option title="Astronom" />
		<Option pch_mode="2" />
		<Option compiler="gcc" />
		<Build>
			<Target title="Debug">
				<Option output="bin/Debug/Astronom" prefix_auto="1" extension_auto="1" />
				<Option object_output="obj/Debug/" />
				<Option type="1" />
				<Option compiler="gcc" />
				<Option use_console_runner="0" />
				<Option parameters="-tracelevel 100" />
				<Compiler>
					<Add option="-Wextra" />
					<Add option="-Wall" />
					<Add option="-g" />
					<Add option="`fox-config --cflags`" />
				</Compiler>
			</Target>
			<Target title="Release">
				<Option output="bin/Release/Astronom" prefix_auto="1" extension_auto="1" />
				<Option object_output="obj/Release/" />
				<Option type="0" />
				<Option compiler="gcc" />
				<Compiler>
					<Add option="-fomit-frame-pointer" />
					<Add option="-fexpensive-optimizations" />
					<Add option="-O2" />
				</Compiler>
				<Linker>
					<Add option="-s" />
				</Linker>
			</Target>
		</Build>
		<Compiler>
			<Add option="-Wshadow" />
			<Add option="-Winit-self" />
			<Add option="-Wcast-align" />
			<Add option="-Wfloat-equal" />
			<Add option="-Winline" />
			<Add option="-Wmissing-declarations" />
			<Add option="-Wextra" />
			<Add option="-Wall" />
			<Add option="`fox-config --cflags`" />
			<Add directory="../3d_party/sqlite-3.6.22/include" />
		</Compiler>
		<Linker>
			<Add option="`fox-config --libs`" />
			<Add library="sqlite3" />
			<Add directory="../3d_party/sqlite-3.6.22/lib" />
		</Linker>
		<Unit filename="AstroLabel.cpp" />
		<Unit filename="AstroLabel.h" />
		<Unit filename="Astronom.cpp" />
		<Unit filename="Astronom.h" />
		<Unit filename="Chart.cpp" />
		<Unit filename="Chart.h" />
		<Unit filename="DraggableView.cpp" />
		<Unit filename="DraggableView.h" />
		<Unit filename="GlyphManager.cpp" />
		<Unit filename="GlyphManager.h" />
		<Unit filename="MainForm.cpp" />
		<Unit filename="MainForm.h" />
		<Unit filename="OcularModel.cpp" />
		<Unit filename="OcularModel.h" />
		<Unit filename="OcularView.cpp" />
		<Unit filename="OcularView.h" />
		<Unit filename="PlanetLabel.cpp" />
		<Unit filename="PlanetLabel.h" />
		<Unit filename="RectangleView.cpp" />
		<Unit filename="RectangleView.h" />
		<Unit filename="TriangleView.cpp" />
		<Unit filename="TriangleView.h" />
		<Unit filename="WheelView.cpp" />
		<Unit filename="WheelView.h" />
		<Unit filename="main.cpp" />
		<Extensions>
			<envvars />
			<code_completion>
				<search_path add="../3d_party/sqlite-3.6.22" />
			</code_completion>
			<debugger />
			<lib_finder disable_auto="1">
				<lib name="FOX-1.6" />
			</lib_finder>
			<AutoVersioning>
				<Scheme minor_max="10" build_max="0" rev_max="0" rev_rand_max="10" build_times_to_increment_minor="100" />
				<Settings autoincrement="1" date_declarations="1" do_auto_increment="0" ask_to_increment="0" language="C++" svn="0" svn_directory="" header_path="version.h" />
				<Changes_Log show_changes_editor="0" app_title="released version %M.%m.%b of %p" changeslog_path="ChangesLog.txt" />
				<Code header_guard="VERSION_H" namespace="AutoVersion" prefix="" />
			</AutoVersioning>
		</Extensions>
	</Project>
</CodeBlocks_project_file>
